
Microsoft Visual Studio Solution File, Format Version 12.00
# Visual Studio 15
VisualStudioVersion = 15.0.27428.2015
MinimumVisualStudioVersion = 10.0.40219.1
Project("{8BC9CEB8-8B4A-11D0-8D11-00A0C91BC942}") = "c++_test", "c++_test\c++_test.vcxproj", "{202EEE4E-3370-43DE-A46C-840CAE584213}"
EndProject
Global
	GlobalSection(SolutionConfigurationPlatforms) = preSolution
		Debug|x64 = Debug|x64
		Debug|x86 = Debug|x86
		Release|x64 = Release|x64
		Release|x86 = Release|x86
	EndGlobalSection
	GlobalSection(ProjectConfigurationPlatforms) = postSolution
		{202EEE4E-3370-43DE-A46C-840CAE584213}.Debug|x64.ActiveCfg = Debug|x64
		{202EEE4E-3370-43DE-A46C-840CAE584213}.Debug|x64.Build.0 = Debug|x64
		{202EEE4E-3370-43DE-A46C-840CAE584213}.Debug|x86.ActiveCfg = Debug|Win32
		{202EEE4E-3370-43DE-A46C-840CAE584213}.Debug|x86.Build.0 = Debug|Win32
		{202EEE4E-3370-43DE-A46C-840CAE584213}.Release|x64.ActiveCfg = Release|x64
		{202EEE4E-3370-43DE-A46C-840CAE584213}.Release|x64.Build.0 = Release|x64
		{202EEE4E-3370-43DE-A46C-840CAE584213}.Release|x86.ActiveCfg = Release|x64
		{202EEE4E-3370-43DE-A46C-840CAE584213}.Release|x86.Build.0 = Release|x64
	EndGlobalSection
	GlobalSection(SolutionProperties) = preSolution
		HideSolutionNode = FALSE
	EndGlobalSection
	GlobalSection(ExtensibilityGlobals) = postSolution
		SolutionGuid = {3ED88B73-5A8E-4914-A767-56328542C87F}
	EndGlobalSection
EndGlobal
